// !$*UTF8*$!
{
	archiveVersion = 1;
	classes = {
	};
	objectVersion = 55;
	objects = {

/* Begin PBXBuildFile section */
		F811564028A2998E004410D7 /* main.m in Sources */ = {isa = PBXBuildFile; fileRef = F811563F28A2998E004410D7 /* main.m */; };
		F836BBE928AA92F300DCFF7B /* Rectangle.m in Sources */ = {isa = PBXBuildFile; fileRef = F836BBE828AA92F300DCFF7B /* Rectangle.m */; };
		F836BBED28AA932A00DCFF7B /* XYPoint.m in Sources */ = {isa = PBXBuildFile; fileRef = F836BBEC28AA932A00DCFF7B /* XYPoint.m */; };
		F89487A428A50A6900E76833 /* Fraction.m in Sources */ = {isa = PBXBuildFile; fileRef = F89487A328A50A6900E76833 /* Fraction.m */; };
		F89487B428A51A0100E76833 /* Fraction+MathOps.m in Sources */ = {isa = PBXBuildFile; fileRef = F89487B328A51A0100E76833 /* Fraction+MathOps.m */; };
/* End PBXBuildFile section */

/* Begin PBXCopyFilesBuildPhase section */
		F811563A28A2998E004410D7 /* CopyFiles */ = {
			isa = PBXCopyFilesBuildPhase;
			buildActionMask = 2147483647;
			dstPath = /usr/share/man/man1/;
			dstSubfolderSpec = 0;
			files = (
			);
			runOnlyForDeploymentPostprocessing = 1;
		};
/* End PBXCopyFilesBuildPhase section */

/* Begin PBXFileReference section */
		F811563C28A2998E004410D7 /* Objective-C-ch11 */ = {isa = PBXFileReference; explicitFileType = "compiled.mach-o.executable"; includeInIndex = 0; path = "Objective-C-ch11"; sourceTree = BUILT_PRODUCTS_DIR; };
		F811563F28A2998E004410D7 /* main.m */ = {isa = PBXFileReference; lastKnownFileType = sourcecode.c.objc; path = main.m; sourceTree = "<group>"; };
		F836BBE828AA92F300DCFF7B /* Rectangle.m */ = {isa = PBXFileReference; lastKnownFileType = sourcecode.c.objc; path = Rectangle.m; sourceTree = "<group>"; };
		F836BBEA28AA92FB00DCFF7B /* Rectangle.h */ = {isa = PBXFileReference; lastKnownFileType = sourcecode.c.h; path = Rectangle.h; sourceTree = "<group>"; };
		F836BBEB28AA932400DCFF7B /* XYPoint.h */ = {isa = PBXFileReference; lastKnownFileType = sourcecode.c.h; path = XYPoint.h; sourceTree = "<group>"; };
		F836BBEC28AA932A00DCFF7B /* XYPoint.m */ = {isa = PBXFileReference; lastKnownFileType = sourcecode.c.objc; path = XYPoint.m; sourceTree = "<group>"; };
		F89487A228A50A6100E76833 /* Fraction.h */ = {isa = PBXFileReference; lastKnownFileType = sourcecode.c.h; path = Fraction.h; sourceTree = "<group>"; };
		F89487A328A50A6900E76833 /* Fraction.m */ = {isa = PBXFileReference; lastKnownFileType = sourcecode.c.objc; path = Fraction.m; sourceTree = "<group>"; };
		F89487B228A51A0100E76833 /* Fraction+MathOps.h */ = {isa = PBXFileReference; lastKnownFileType = sourcecode.c.h; path = "Fraction+MathOps.h"; sourceTree = SOURCE_ROOT; };
		F89487B328A51A0100E76833 /* Fraction+MathOps.m */ = {isa = PBXFileReference; lastKnownFileType = sourcecode.c.objc; path = "Fraction+MathOps.m"; sourceTree = SOURCE_ROOT; };
/* End PBXFileReference section */

/* Begin PBXFrameworksBuildPhase section */
		F811563928A2998E004410D7 /* Frameworks */ = {
			isa = PBXFrameworksBuildPhase;
			buildActionMask = 2147483647;
			files = (
			);
			runOnlyForDeploymentPostprocessing = 0;
		};
/* End PBXFrameworksBuildPhase section */

/* Begin PBXGroup section */
		F811563328A2998E004410D7 = {
			isa = PBXGroup;
			children = (
				F811563E28A2998E004410D7 /* Objective-C-ch11 */,
				F811563D28A2998E004410D7 /* Products */,
			);
			sourceTree = "<group>";
		};
		F811563D28A2998E004410D7 /* Products */ = {
			isa = PBXGroup;
			children = (
				F811563C28A2998E004410D7 /* Objective-C-ch11 */,
			);
			name = Products;
			sourceTree = "<group>";
		};
		F811563E28A2998E004410D7 /* Objective-C-ch11 */ = {
			isa = PBXGroup;
			children = (
				F811563F28A2998E004410D7 /* main.m */,
				F89487A228A50A6100E76833 /* Fraction.h */,
				F89487A328A50A6900E76833 /* Fraction.m */,
				F89487B228A51A0100E76833 /* Fraction+MathOps.h */,
				F89487B328A51A0100E76833 /* Fraction+MathOps.m */,
				F836BBEA28AA92FB00DCFF7B /* Rectangle.h */,
				F836BBE828AA92F300DCFF7B /* Rectangle.m */,
				F836BBEB28AA932400DCFF7B /* XYPoint.h */,
				F836BBEC28AA932A00DCFF7B /* XYPoint.m */,
			);
			path = "Objective-C-ch11";
			sourceTree = "<group>";
		};
/* End PBXGroup section */

/* Begin PBXNativeTarget section */
		F811563B28A2998E004410D7 /* Objective-C-ch11 */ = {
			isa = PBXNativeTarget;
			buildConfigurationList = F811564328A2998E004410D7 /* Build configuration list for PBXNativeTarget "Objective-C-ch11" */;
			buildPhases = (
				F811563828A2998E004410D7 /* Sources */,
				F811563928A2998E004410D7 /* Frameworks */,
				F811563A28A2998E004410D7 /* CopyFiles */,
			);
			buildRules = (
			);
			dependencies = (
			);
			name = "Objective-C-ch11";
			productName = "Objective-C-ch11";
			productReference = F811563C28A2998E004410D7 /* Objective-C-ch11 */;
			productType = "com.apple.product-type.tool";
		};
/* End PBXNativeTarget section */

/* Begin PBXProject section */
		F811563428A2998E004410D7 /* Project object */ = {
			isa = PBXProject;
			attributes = {
				BuildIndependentTargetsInParallel = 1;
				LastUpgradeCheck = 1340;
				TargetAttributes = {
					F811563B28A2998E004410D7 = {
						CreatedOnToolsVersion = 13.4.1;
					};
				};
			};
			buildConfigurationList = F811563728A2998E004410D7 /* Build configuration list for PBXProject "Objective-C-ch11" */;
			compatibilityVersion = "Xcode 13.0";
			developmentRegion = en;
			hasScannedForEncodings = 0;
			knownRegions = (
				en,
				Base,
			);
			mainGroup = F811563328A2998E004410D7;
			productRefGroup = F811563D28A2998E004410D7 /* Products */;
			projectDirPath = "";
			projectRoot = "";
			targets = (
				F811563B28A2998E004410D7 /* Objective-C-ch11 */,
			);
		};
/* End PBXProject section */

/* Begin PBXSourcesBuildPhase section */
		F811563828A2998E004410D7 /* Sources */ = {
			isa = PBXSourcesBuildPhase;
			buildActionMask = 2147483647;
			files = (
				F811564028A2998E004410D7 /* main.m in Sources */,
				F89487B428A51A0100E76833 /* Fraction+MathOps.m in Sources */,
				F89487A428A50A6900E76833 /* Fraction.m in Sources */,
				F836BBE928AA92F300DCFF7B /* Rectangle.m in Sources */,
				F836BBED28AA932A00DCFF7B /* XYPoint.m in Sources */,
			);
			runOnlyForDeploymentPostprocessing = 0;
		};
/* End PBXSourcesBuildPhase section */

/* Begin XCBuildConfiguration section */
		F811564128A2998E004410D7 /* Debug */ = {
			isa = XCBuildConfiguration;
			buildSettings = {
				ALWAYS_SEARCH_USER_PATHS = NO;
				CLANG_ANALYZER_NONNULL = YES;
				CLANG_ANALYZER_NUMBER_OBJECT_CONVERSION = YES_AGGRESSIVE;
				CLANG_CXX_LANGUAGE_STANDARD = "gnu++17";
				CLANG_ENABLE_MODULES = YES;
				CLANG_ENABLE_OBJC_ARC = YES;
				CLANG_ENABLE_OBJC_WEAK = YES;
				CLANG_WARN_BLOCK_CAPTURE_AUTORELEASING = YES;
				CLANG_WARN_BOOL_CONVERSION = YES;
				CLANG_WARN_COMMA = YES;
				CLANG_WARN_CONSTANT_CONVERSION = YES;
				CLANG_WARN_DEPRECATED_OBJC_IMPLEMENTATIONS = YES;
				CLANG_WARN_DIRECT_OBJC_ISA_USAGE = YES_ERROR;
				CLANG_WARN_DOCUMENTATION_COMMENTS = YES;
				CLANG_WARN_EMPTY_BODY = YES;
				CLANG_WARN_ENUM_CONVERSION = YES;
				CLANG_WARN_INFINITE_RECURSION = YES;
				CLANG_WARN_INT_CONVERSION = YES;
				CLANG_WARN_NON_LITERAL_NULL_CONVERSION = YES;
				CLANG_WARN_OBJC_IMPLICIT_RETAIN_SELF = YES;
				CLANG_WARN_OBJC_LITERAL_CONVERSION = YES;
				CLANG_WARN_OBJC_ROOT_CLASS = YES_ERROR;
				CLANG_WARN_QUOTED_INCLUDE_IN_FRAMEWORK_HEADER = YES;
				CLANG_WARN_RANGE_LOOP_ANALYSIS = YES;
				CLANG_WARN_STRICT_PROTOTYPES = YES;
				CLANG_WARN_SUSPICIOUS_MOVE = YES;
				CLANG_WARN_UNGUARDED_AVAILABILITY = YES_AGGRESSIVE;
				CLANG_WARN_UNREACHABLE_CODE = YES;
				CLANG_WARN__DUPLICATE_METHOD_MATCH = YES;
				COPY_PHASE_STRIP = NO;
				DEBUG_INFORMATION_FORMAT = dwarf;
				ENABLE_STRICT_OBJC_MSGSEND = YES;
				ENABLE_TESTABILITY = YES;
				GCC_C_LANGUAGE_STANDARD = gnu11;
				GCC_DYNAMIC_NO_PIC = NO;
				GCC_NO_COMMON_BLOCKS = YES;
				GCC_OPTIMIZATION_LEVEL = 0;
				GCC_PREPROCESSOR_DEFINITIONS = (
					"DEBUG=1",
					"$(inherited)",
				);
				GCC_WARN_64_TO_32_BIT_CONVERSION = YES;
				GCC_WARN_ABOUT_RETURN_TYPE = YES_ERROR;
				GCC_WARN_UNDECLARED_SELECTOR = YES;
				GCC_WARN_UNINITIALIZED_AUTOS = YES_AGGRESSIVE;
				GCC_WARN_UNUSED_FUNCTION = YES;
				GCC_WARN_UNUSED_VARIABLE = YES;
				MACOSX_DEPLOYMENT_TARGET = 12.3;
				MTL_ENABLE_DEBUG_INFO = INCLUDE_SOURCE;
				MTL_FAST_MATH = YES;
				ONLY_ACTIVE_ARCH = YES;
				SDKROOT = macosx;
			};
			name = Debug;
		};
		F811564228A2998E004410D7 /* Release */ = {
			isa = XCBuildConfiguration;
			buildSettings = {
				ALWAYS_SEARCH_USER_PATHS = NO;
				CLANG_ANALYZER_NONNULL = YES;
				CLANG_ANALYZER_NUMBER_OBJECT_CONVERSION = YES_AGGRESSIVE;
				CLANG_CXX_LANGUAGE_STANDARD = "gnu++17";
				CLANG_ENABLE_MODULES = YES;
				CLANG_ENABLE_OBJC_ARC = YES;
				CLANG_ENABLE_OBJC_WEAK = YES;
				CLANG_WARN_BLOCK_CAPTURE_AUTORELEASING = YES;
				CLANG_WARN_BOOL_CONVERSION = YES;
				CLANG_WARN_COMMA = YES;
				CLANG_WARN_CONSTANT_CONVERSION = YES;
				CLANG_WARN_DEPRECATED_OBJC_IMPLEMENTATIONS = YES;
				CLANG_WARN_DIRECT_OBJC_ISA_USAGE = YES_ERROR;
				CLANG_WARN_DOCUMENTATION_COMMENTS = YES;
				CLANG_WARN_EMPTY_BODY = YES;
				CLANG_WARN_ENUM_CONVERSION = YES;
				CLANG_WARN_INFINITE_RECURSION = YES;
				CLANG_WARN_INT_CONVERSION = YES;
				CLANG_WARN_NON_LITERAL_NULL_CONVERSION = YES;
				CLANG_WARN_OBJC_IMPLICIT_RETAIN_SELF = YES;
				CLANG_WARN_OBJC_LITERAL_CONVERSION = YES;
				CLANG_WARN_OBJC_ROOT_CLASS = YES_ERROR;
				CLANG_WARN_QUOTED_INCLUDE_IN_FRAMEWORK_HEADER = YES;
				CLANG_WARN_RANGE_LOOP_ANALYSIS = YES;
				CLANG_WARN_STRICT_PROTOTYPES = YES;
				CLANG_WARN_SUSPICIOUS_MOVE = YES;
				CLANG_WARN_UNGUARDED_AVAILABILITY = YES_AGGRESSIVE;
				CLANG_WARN_UNREACHABLE_CODE = YES;
				CLANG_WARN__DUPLICATE_METHOD_MATCH = YES;
				COPY_PHASE_STRIP = NO;
				DEBUG_INFORMATION_FORMAT = "dwarf-with-dsym";
				ENABLE_NS_ASSERTIONS = NO;
				ENABLE_STRICT_OBJC_MSGSEND = YES;
				GCC_C_LANGUAGE_STANDARD = gnu11;
				GCC_NO_COMMON_BLOCKS = YES;
				GCC_WARN_64_TO_32_BIT_CONVERSION = YES;
				GCC_WARN_ABOUT_RETURN_TYPE = YES_ERROR;
				GCC_WARN_UNDECLARED_SELECTOR = YES;
				GCC_WARN_UNINITIALIZED_AUTOS = YES_AGGRESSIVE;
				GCC_WARN_UNUSED_FUNCTION = YES;
				GCC_WARN_UNUSED_VARIABLE = YES;
				MACOSX_DEPLOYMENT_TARGET = 12.3;
				MTL_ENABLE_DEBUG_INFO = NO;
				MTL_FAST_MATH = YES;
				SDKROOT = macosx;
			};
			name = Release;
		};
		F811564428A2998E004410D7 /* Debug */ = {
			isa = XCBuildConfiguration;
			buildSettings = {
				CODE_SIGN_STYLE = Automatic;
				DEVELOPMENT_TEAM = T8C9SSEX5G;
				ENABLE_HARDENED_RUNTIME = YES;
				PRODUCT_NAME = "$(TARGET_NAME)";
			};
			name = Debug;
		};
		F811564528A2998E004410D7 /* Release */ = {
			isa = XCBuildConfiguration;
			buildSettings = {
				CODE_SIGN_STYLE = Automatic;
				DEVELOPMENT_TEAM = T8C9SSEX5G;
				ENABLE_HARDENED_RUNTIME = YES;
				PRODUCT_NAME = "$(TARGET_NAME)";
			};
			name = Release;
		};
/* End XCBuildConfiguration section */

/* Begin XCConfigurationList section */
		F811563728A2998E004410D7 /* Build configuration list for PBXProject "Objective-C-ch11" */ = {
			isa = XCConfigurationList;
			buildConfigurations = (
				F811564128A2998E004410D7 /* Debug */,
				F811564228A2998E004410D7 /* Release */,
			);
			defaultConfigurationIsVisible = 0;
			defaultConfigurationName = Release;
		};
		F811564328A2998E004410D7 /* Build configuration list for PBXNativeTarget "Objective-C-ch11" */ = {
			isa = XCConfigurationList;
			buildConfigurations = (
				F811564428A2998E004410D7 /* Debug */,
				F811564528A2998E004410D7 /* Release */,
			);
			defaultConfigurationIsVisible = 0;
			defaultConfigurationName = Release;
		};
/* End XCConfigurationList section */
	};
	rootObject = F811563428A2998E004410D7 /* Project object */;
}
